// !$*UTF8*$!
{
	archiveVersion = 1;
	classes = {
	};
	objectVersion = 56;
	objects = {

/* Begin PBXBuildFile section */
		893DCDA42B726F5F0073133F /* NetworkingService.swift in Sources */ = {isa = PBXBuildFile; fileRef = 893DCDA32B726F5F0073133F /* NetworkingService.swift */; };
		893DCDA62B726F950073133F /* ImageData.swift in Sources */ = {isa = PBXBuildFile; fileRef = 893DCDA52B726F950073133F /* ImageData.swift */; };
		897476372B6E9AEA0037B36D /* ImageCollectionView.swift in Sources */ = {isa = PBXBuildFile; fileRef = 897476362B6E9AEA0037B36D /* ImageCollectionView.swift */; };
		898DA9602B56A8E4006A844B /* KaspiAppApp.swift in Sources */ = {isa = PBXBuildFile; fileRef = 898DA95F2B56A8E4006A844B /* KaspiAppApp.swift */; };
		898DA9622B56A8E4006A844B /* ContentView.swift in Sources */ = {isa = PBXBuildFile; fileRef = 898DA9612B56A8E4006A844B /* ContentView.swift */; };
		898DA9642B56A8E6006A844B /* Assets.xcassets in Resources */ = {isa = PBXBuildFile; fileRef = 898DA9632B56A8E6006A844B /* Assets.xcassets */; };
		898DA9672B56A8E6006A844B /* Preview Assets.xcassets in Resources */ = {isa = PBXBuildFile; fileRef = 898DA9662B56A8E6006A844B /* Preview Assets.xcassets */; };
		898DA96E2B56A959006A844B /* NavBar.swift in Sources */ = {isa = PBXBuildFile; fileRef = 898DA96D2B56A959006A844B /* NavBar.swift */; };
		898DA9702B56A960006A844B /* LogoView.swift in Sources */ = {isa = PBXBuildFile; fileRef = 898DA96F2B56A960006A844B /* LogoView.swift */; };
		898DA9722B56A968006A844B /* NameTextField.swift in Sources */ = {isa = PBXBuildFile; fileRef = 898DA9712B56A968006A844B /* NameTextField.swift */; };
		898DA9742B56A96C006A844B /* TabBar.swift in Sources */ = {isa = PBXBuildFile; fileRef = 898DA9732B56A96C006A844B /* TabBar.swift */; };
		89EEF4622B73572600C833D6 /* ImageCollectionViewModel.swift in Sources */ = {isa = PBXBuildFile; fileRef = 89EEF4612B73572600C833D6 /* ImageCollectionViewModel.swift */; };
/* End PBXBuildFile section */

/* Begin PBXFileReference section */
		893DCDA32B726F5F0073133F /* NetworkingService.swift */ = {isa = PBXFileReference; lastKnownFileType = sourcecode.swift; path = NetworkingService.swift; sourceTree = "<group>"; };
		893DCDA52B726F950073133F /* ImageData.swift */ = {isa = PBXFileReference; lastKnownFileType = sourcecode.swift; path = ImageData.swift; sourceTree = "<group>"; };
		897476362B6E9AEA0037B36D /* ImageCollectionView.swift */ = {isa = PBXFileReference; lastKnownFileType = sourcecode.swift; path = ImageCollectionView.swift; sourceTree = "<group>"; };
		898DA95C2B56A8E4006A844B /* KaspiApp.app */ = {isa = PBXFileReference; explicitFileType = wrapper.application; includeInIndex = 0; path = KaspiApp.app; sourceTree = BUILT_PRODUCTS_DIR; };
		898DA95F2B56A8E4006A844B /* KaspiAppApp.swift */ = {isa = PBXFileReference; lastKnownFileType = sourcecode.swift; path = KaspiAppApp.swift; sourceTree = "<group>"; };
		898DA9612B56A8E4006A844B /* ContentView.swift */ = {isa = PBXFileReference; lastKnownFileType = sourcecode.swift; path = ContentView.swift; sourceTree = "<group>"; };
		898DA9632B56A8E6006A844B /* Assets.xcassets */ = {isa = PBXFileReference; lastKnownFileType = folder.assetcatalog; path = Assets.xcassets; sourceTree = "<group>"; };
		898DA9662B56A8E6006A844B /* Preview Assets.xcassets */ = {isa = PBXFileReference; lastKnownFileType = folder.assetcatalog; path = "Preview Assets.xcassets"; sourceTree = "<group>"; };
		898DA96D2B56A959006A844B /* NavBar.swift */ = {isa = PBXFileReference; lastKnownFileType = sourcecode.swift; path = NavBar.swift; sourceTree = "<group>"; };
		898DA96F2B56A960006A844B /* LogoView.swift */ = {isa = PBXFileReference; lastKnownFileType = sourcecode.swift; path = LogoView.swift; sourceTree = "<group>"; };
		898DA9712B56A968006A844B /* NameTextField.swift */ = {isa = PBXFileReference; lastKnownFileType = sourcecode.swift; path = NameTextField.swift; sourceTree = "<group>"; };
		898DA9732B56A96C006A844B /* TabBar.swift */ = {isa = PBXFileReference; lastKnownFileType = sourcecode.swift; path = TabBar.swift; sourceTree = "<group>"; };
		89EEF4612B73572600C833D6 /* ImageCollectionViewModel.swift */ = {isa = PBXFileReference; lastKnownFileType = sourcecode.swift; path = ImageCollectionViewModel.swift; sourceTree = "<group>"; };
/* End PBXFileReference section */

/* Begin PBXFrameworksBuildPhase section */
		898DA9592B56A8E4006A844B /* Frameworks */ = {
			isa = PBXFrameworksBuildPhase;
			buildActionMask = 2147483647;
			files = (
			);
			runOnlyForDeploymentPostprocessing = 0;
		};
/* End PBXFrameworksBuildPhase section */

/* Begin PBXGroup section */
		893DCDA72B726FA90073133F /* Networking */ = {
			isa = PBXGroup;
			children = (
				893DCDA82B726FBE0073133F /* Model */,
				893DCDA32B726F5F0073133F /* NetworkingService.swift */,
			);
			path = Networking;
			sourceTree = "<group>";
		};
		893DCDA82B726FBE0073133F /* Model */ = {
			isa = PBXGroup;
			children = (
				893DCDA52B726F950073133F /* ImageData.swift */,
			);
			path = Model;
			sourceTree = "<group>";
		};
		893DCDA92B726FCE0073133F /* Views */ = {
			isa = PBXGroup;
			children = (
				898DA9612B56A8E4006A844B /* ContentView.swift */,
				898DA96F2B56A960006A844B /* LogoView.swift */,
				898DA96D2B56A959006A844B /* NavBar.swift */,
				898DA9712B56A968006A844B /* NameTextField.swift */,
				898DA9732B56A96C006A844B /* TabBar.swift */,
				89EEF4602B73571000C833D6 /* ImageCollectionView */,
			);
			path = Views;
			sourceTree = "<group>";
		};
		898DA9532B56A8E4006A844B = {
			isa = PBXGroup;
			children = (
				898DA95E2B56A8E4006A844B /* KaspiApp */,
				898DA95D2B56A8E4006A844B /* Products */,
			);
			sourceTree = "<group>";
		};
		898DA95D2B56A8E4006A844B /* Products */ = {
			isa = PBXGroup;
			children = (
				898DA95C2B56A8E4006A844B /* KaspiApp.app */,
			);
			name = Products;
			sourceTree = "<group>";
		};
		898DA95E2B56A8E4006A844B /* KaspiApp */ = {
			isa = PBXGroup;
			children = (
				898DA95F2B56A8E4006A844B /* KaspiAppApp.swift */,
				893DCDA92B726FCE0073133F /* Views */,
				893DCDA72B726FA90073133F /* Networking */,
				898DA9632B56A8E6006A844B /* Assets.xcassets */,
				898DA9652B56A8E6006A844B /* Preview Content */,
			);
			path = KaspiApp;
			sourceTree = "<group>";
		};
		898DA9652B56A8E6006A844B /* Preview Content */ = {
			isa = PBXGroup;
			children = (
				898DA9662B56A8E6006A844B /* Preview Assets.xcassets */,
			);
			path = "Preview Content";
			sourceTree = "<group>";
		};
		89EEF4602B73571000C833D6 /* ImageCollectionView */ = {
			isa = PBXGroup;
			children = (
				897476362B6E9AEA0037B36D /* ImageCollectionView.swift */,
				89EEF4612B73572600C833D6 /* ImageCollectionViewModel.swift */,
			);
			path = ImageCollectionView;
			sourceTree = "<group>";
		};
/* End PBXGroup section */

/* Begin PBXNativeTarget section */
		898DA95B2B56A8E4006A844B /* KaspiApp */ = {
			isa = PBXNativeTarget;
			buildConfigurationList = 898DA96A2B56A8E6006A844B /* Build configuration list for PBXNativeTarget "KaspiApp" */;
			buildPhases = (
				898DA9582B56A8E4006A844B /* Sources */,
				898DA9592B56A8E4006A844B /* Frameworks */,
				898DA95A2B56A8E4006A844B /* Resources */,
			);
			buildRules = (
			);
			dependencies = (
			);
			name = KaspiApp;
			productName = KaspiApp;
			productReference = 898DA95C2B56A8E4006A844B /* KaspiApp.app */;
			productType = "com.apple.product-type.application";
		};
/* End PBXNativeTarget section */

/* Begin PBXProject section */
		898DA9542B56A8E4006A844B /* Project object */ = {
			isa = PBXProject;
			attributes = {
				BuildIndependentTargetsInParallel = 1;
				LastSwiftUpdateCheck = 1500;
				LastUpgradeCheck = 1500;
				TargetAttributes = {
					898DA95B2B56A8E4006A844B = {
						CreatedOnToolsVersion = 15.0;
					};
				};
			};
			buildConfigurationList = 898DA9572B56A8E4006A844B /* Build configuration list for PBXProject "KaspiApp" */;
			compatibilityVersion = "Xcode 14.0";
			developmentRegion = en;
			hasScannedForEncodings = 0;
			knownRegions = (
				en,
				Base,
			);
			mainGroup = 898DA9532B56A8E4006A844B;
			productRefGroup = 898DA95D2B56A8E4006A844B /* Products */;
			projectDirPath = "";
			projectRoot = "";
			targets = (
				898DA95B2B56A8E4006A844B /* KaspiApp */,
			);
		};
/* End PBXProject section */

/* Begin PBXResourcesBuildPhase section */
		898DA95A2B56A8E4006A844B /* Resources */ = {
			isa = PBXResourcesBuildPhase;
			buildActionMask = 2147483647;
			files = (
				898DA9672B56A8E6006A844B /* Preview Assets.xcassets in Resources */,
				898DA9642B56A8E6006A844B /* Assets.xcassets in Resources */,
			);
			runOnlyForDeploymentPostprocessing = 0;
		};
/* End PBXResourcesBuildPhase section */

/* Begin PBXSourcesBuildPhase section */
		898DA9582B56A8E4006A844B /* Sources */ = {
			isa = PBXSourcesBuildPhase;
			buildActionMask = 2147483647;
			files = (
				898DA9622B56A8E4006A844B /* ContentView.swift in Sources */,
				898DA9702B56A960006A844B /* LogoView.swift in Sources */,
				89EEF4622B73572600C833D6 /* ImageCollectionViewModel.swift in Sources */,
				897476372B6E9AEA0037B36D /* ImageCollectionView.swift in Sources */,
				893DCDA42B726F5F0073133F /* NetworkingService.swift in Sources */,
				898DA9602B56A8E4006A844B /* KaspiAppApp.swift in Sources */,
				893DCDA62B726F950073133F /* ImageData.swift in Sources */,
				898DA9742B56A96C006A844B /* TabBar.swift in Sources */,
				898DA9722B56A968006A844B /* NameTextField.swift in Sources */,
				898DA96E2B56A959006A844B /* NavBar.swift in Sources */,
			);
			runOnlyForDeploymentPostprocessing = 0;
		};
/* End PBXSourcesBuildPhase section */

/* Begin XCBuildConfiguration section */
		898DA9682B56A8E6006A844B /* Debug */ = {
			isa = XCBuildConfiguration;
			buildSettings = {
				ALWAYS_SEARCH_USER_PATHS = NO;
				ASSETCATALOG_COMPILER_GENERATE_SWIFT_ASSET_SYMBOL_EXTENSIONS = YES;
				CLANG_ANALYZER_NONNULL = YES;
				CLANG_ANALYZER_NUMBER_OBJECT_CONVERSION = YES_AGGRESSIVE;
				CLANG_CXX_LANGUAGE_STANDARD = "gnu++20";
				CLANG_ENABLE_MODULES = YES;
				CLANG_ENABLE_OBJC_ARC = YES;
				CLANG_ENABLE_OBJC_WEAK = YES;
				CLANG_WARN_BLOCK_CAPTURE_AUTORELEASING = YES;
				CLANG_WARN_BOOL_CONVERSION = YES;
				CLANG_WARN_COMMA = YES;
				CLANG_WARN_CONSTANT_CONVERSION = YES;
				CLANG_WARN_DEPRECATED_OBJC_IMPLEMENTATIONS = YES;
				CLANG_WARN_DIRECT_OBJC_ISA_USAGE = YES_ERROR;
				CLANG_WARN_DOCUMENTATION_COMMENTS = YES;
				CLANG_WARN_EMPTY_BODY = YES;
				CLANG_WARN_ENUM_CONVERSION = YES;
				CLANG_WARN_INFINITE_RECURSION = YES;
				CLANG_WARN_INT_CONVERSION = YES;
				CLANG_WARN_NON_LITERAL_NULL_CONVERSION = YES;
				CLANG_WARN_OBJC_IMPLICIT_RETAIN_SELF = YES;
				CLANG_WARN_OBJC_LITERAL_CONVERSION = YES;
				CLANG_WARN_OBJC_ROOT_CLASS = YES_ERROR;
				CLANG_WARN_QUOTED_INCLUDE_IN_FRAMEWORK_HEADER = YES;
				CLANG_WARN_RANGE_LOOP_ANALYSIS = YES;
				CLANG_WARN_STRICT_PROTOTYPES = YES;
				CLANG_WARN_SUSPICIOUS_MOVE = YES;
				CLANG_WARN_UNGUARDED_AVAILABILITY = YES_AGGRESSIVE;
				CLANG_WARN_UNREACHABLE_CODE = YES;
				CLANG_WARN__DUPLICATE_METHOD_MATCH = YES;
				COPY_PHASE_STRIP = NO;
				DEBUG_INFORMATION_FORMAT = dwarf;
				ENABLE_STRICT_OBJC_MSGSEND = YES;
				ENABLE_TESTABILITY = YES;
				ENABLE_USER_SCRIPT_SANDBOXING = YES;
				GCC_C_LANGUAGE_STANDARD = gnu17;
				GCC_DYNAMIC_NO_PIC = NO;
				GCC_NO_COMMON_BLOCKS = YES;
				GCC_OPTIMIZATION_LEVEL = 0;
				GCC_PREPROCESSOR_DEFINITIONS = (
					"DEBUG=1",
					"$(inherited)",
				);
				GCC_WARN_64_TO_32_BIT_CONVERSION = YES;
				GCC_WARN_ABOUT_RETURN_TYPE = YES_ERROR;
				GCC_WARN_UNDECLARED_SELECTOR = YES;
				GCC_WARN_UNINITIALIZED_AUTOS = YES_AGGRESSIVE;
				GCC_WARN_UNUSED_FUNCTION = YES;
				GCC_WARN_UNUSED_VARIABLE = YES;
				IPHONEOS_DEPLOYMENT_TARGET = 17.0;
				LOCALIZATION_PREFERS_STRING_CATALOGS = YES;
				MTL_ENABLE_DEBUG_INFO = INCLUDE_SOURCE;
				MTL_FAST_MATH = YES;
				ONLY_ACTIVE_ARCH = YES;
				SDKROOT = iphoneos;
				SWIFT_ACTIVE_COMPILATION_CONDITIONS = "DEBUG $(inherited)";
				SWIFT_OPTIMIZATION_LEVEL = "-Onone";
			};
			name = Debug;
		};
		898DA9692B56A8E6006A844B /* Release */ = {
			isa = XCBuildConfiguration;
			buildSettings = {
				ALWAYS_SEARCH_USER_PATHS = NO;
				ASSETCATALOG_COMPILER_GENERATE_SWIFT_ASSET_SYMBOL_EXTENSIONS = YES;
				CLANG_ANALYZER_NONNULL = YES;
				CLANG_ANALYZER_NUMBER_OBJECT_CONVERSION = YES_AGGRESSIVE;
				CLANG_CXX_LANGUAGE_STANDARD = "gnu++20";
				CLANG_ENABLE_MODULES = YES;
				CLANG_ENABLE_OBJC_ARC = YES;
				CLANG_ENABLE_OBJC_WEAK = YES;
				CLANG_WARN_BLOCK_CAPTURE_AUTORELEASING = YES;
				CLANG_WARN_BOOL_CONVERSION = YES;
				CLANG_WARN_COMMA = YES;
				CLANG_WARN_CONSTANT_CONVERSION = YES;
				CLANG_WARN_DEPRECATED_OBJC_IMPLEMENTATIONS = YES;
				CLANG_WARN_DIRECT_OBJC_ISA_USAGE = YES_ERROR;
				CLANG_WARN_DOCUMENTATION_COMMENTS = YES;
				CLANG_WARN_EMPTY_BODY = YES;
				CLANG_WARN_ENUM_CONVERSION = YES;
				CLANG_WARN_INFINITE_RECURSION = YES;
				CLANG_WARN_INT_CONVERSION = YES;
				CLANG_WARN_NON_LITERAL_NULL_CONVERSION = YES;
				CLANG_WARN_OBJC_IMPLICIT_RETAIN_SELF = YES;
				CLANG_WARN_OBJC_LITERAL_CONVERSION = YES;
				CLANG_WARN_OBJC_ROOT_CLASS = YES_ERROR;
				CLANG_WARN_QUOTED_INCLUDE_IN_FRAMEWORK_HEADER = YES;
				CLANG_WARN_RANGE_LOOP_ANALYSIS = YES;
				CLANG_WARN_STRICT_PROTOTYPES = YES;
				CLANG_WARN_SUSPICIOUS_MOVE = YES;
				CLANG_WARN_UNGUARDED_AVAILABILITY = YES_AGGRESSIVE;
				CLANG_WARN_UNREACHABLE_CODE = YES;
				CLANG_WARN__DUPLICATE_METHOD_MATCH = YES;
				COPY_PHASE_STRIP = NO;
				DEBUG_INFORMATION_FORMAT = "dwarf-with-dsym";
				ENABLE_NS_ASSERTIONS = NO;
				ENABLE_STRICT_OBJC_MSGSEND = YES;
				ENABLE_USER_SCRIPT_SANDBOXING = YES;
				GCC_C_LANGUAGE_STANDARD = gnu17;
				GCC_NO_COMMON_BLOCKS = YES;
				GCC_WARN_64_TO_32_BIT_CONVERSION = YES;
				GCC_WARN_ABOUT_RETURN_TYPE = YES_ERROR;
				GCC_WARN_UNDECLARED_SELECTOR = YES;
				GCC_WARN_UNINITIALIZED_AUTOS = YES_AGGRESSIVE;
				GCC_WARN_UNUSED_FUNCTION = YES;
				GCC_WARN_UNUSED_VARIABLE = YES;
				IPHONEOS_DEPLOYMENT_TARGET = 17.0;
				LOCALIZATION_PREFERS_STRING_CATALOGS = YES;
				MTL_ENABLE_DEBUG_INFO = NO;
				MTL_FAST_MATH = YES;
				SDKROOT = iphoneos;
				SWIFT_COMPILATION_MODE = wholemodule;
				VALIDATE_PRODUCT = YES;
			};
			name = Release;
		};
		898DA96B2B56A8E6006A844B /* Debug */ = {
			isa = XCBuildConfiguration;
			buildSettings = {
				ASSETCATALOG_COMPILER_APPICON_NAME = AppIcon;
				ASSETCATALOG_COMPILER_GLOBAL_ACCENT_COLOR_NAME = AccentColor;
				CODE_SIGN_STYLE = Automatic;
				CURRENT_PROJECT_VERSION = 1;
				DEVELOPMENT_ASSET_PATHS = "\"KaspiApp/Preview Content\"";
				DEVELOPMENT_TEAM = KX9G54G5JC;
				ENABLE_PREVIEWS = YES;
				GENERATE_INFOPLIST_FILE = YES;
				INFOPLIST_KEY_UIApplicationSceneManifest_Generation = YES;
				INFOPLIST_KEY_UIApplicationSupportsIndirectInputEvents = YES;
				INFOPLIST_KEY_UILaunchScreen_Generation = YES;
				INFOPLIST_KEY_UISupportedInterfaceOrientations_iPad = "UIInterfaceOrientationPortrait UIInterfaceOrientationPortraitUpsideDown UIInterfaceOrientationLandscapeLeft UIInterfaceOrientationLandscapeRight";
				INFOPLIST_KEY_UISupportedInterfaceOrientations_iPhone = "UIInterfaceOrientationPortrait UIInterfaceOrientationLandscapeLeft UIInterfaceOrientationLandscapeRight";
				LD_RUNPATH_SEARCH_PATHS = (
					"$(inherited)",
					"@executable_path/Frameworks",
				);
				MARKETING_VERSION = 1.0;
				PRODUCT_BUNDLE_IDENTIFIER = com.batrinho.KaspiApp;
				PRODUCT_NAME = "$(TARGET_NAME)";
				SWIFT_EMIT_LOC_STRINGS = YES;
				SWIFT_VERSION = 5.0;
				TARGETED_DEVICE_FAMILY = "1,2";
			};
			name = Debug;
		};
		898DA96C2B56A8E6006A844B /* Release */ = {
			isa = XCBuildConfiguration;
			buildSettings = {
				ASSETCATALOG_COMPILER_APPICON_NAME = AppIcon;
				ASSETCATALOG_COMPILER_GLOBAL_ACCENT_COLOR_NAME = AccentColor;
				CODE_SIGN_STYLE = Automatic;
				CURRENT_PROJECT_VERSION = 1;
				DEVELOPMENT_ASSET_PATHS = "\"KaspiApp/Preview Content\"";
				DEVELOPMENT_TEAM = KX9G54G5JC;
				ENABLE_PREVIEWS = YES;
				GENERATE_INFOPLIST_FILE = YES;
				INFOPLIST_KEY_UIApplicationSceneManifest_Generation = YES;
				INFOPLIST_KEY_UIApplicationSupportsIndirectInputEvents = YES;
				INFOPLIST_KEY_UILaunchScreen_Generation = YES;
				INFOPLIST_KEY_UISupportedInterfaceOrientations_iPad = "UIInterfaceOrientationPortrait UIInterfaceOrientationPortraitUpsideDown UIInterfaceOrientationLandscapeLeft UIInterfaceOrientationLandscapeRight";
				INFOPLIST_KEY_UISupportedInterfaceOrientations_iPhone = "UIInterfaceOrientationPortrait UIInterfaceOrientationLandscapeLeft UIInterfaceOrientationLandscapeRight";
				LD_RUNPATH_SEARCH_PATHS = (
					"$(inherited)",
					"@executable_path/Frameworks",
				);
				MARKETING_VERSION = 1.0;
				PRODUCT_BUNDLE_IDENTIFIER = com.batrinho.KaspiApp;
				PRODUCT_NAME = "$(TARGET_NAME)";
				SWIFT_EMIT_LOC_STRINGS = YES;
				SWIFT_VERSION = 5.0;
				TARGETED_DEVICE_FAMILY = "1,2";
			};
			name = Release;
		};
/* End XCBuildConfiguration section */

/* Begin XCConfigurationList section */
		898DA9572B56A8E4006A844B /* Build configuration list for PBXProject "KaspiApp" */ = {
			isa = XCConfigurationList;
			buildConfigurations = (
				898DA9682B56A8E6006A844B /* Debug */,
				898DA9692B56A8E6006A844B /* Release */,
			);
			defaultConfigurationIsVisible = 0;
			defaultConfigurationName = Release;
		};
		898DA96A2B56A8E6006A844B /* Build configuration list for PBXNativeTarget "KaspiApp" */ = {
			isa = XCConfigurationList;
			buildConfigurations = (
				898DA96B2B56A8E6006A844B /* Debug */,
				898DA96C2B56A8E6006A844B /* Release */,
			);
			defaultConfigurationIsVisible = 0;
			defaultConfigurationName = Release;
		};
/* End XCConfigurationList section */
	};
	rootObject = 898DA9542B56A8E4006A844B /* Project object */;
}
